
Microsoft Visual Studio Solution File, Format Version 12.00
# Visual Studio Version 17
VisualStudioVersion = 17.13.35617.110
MinimumVisualStudioVersion = 10.0.40219.1
Project("{FAE04EC0-301F-11D3-BF4B-00C04F79EFBC}") = "Kepware.SyncService", "KepwareSync.Service\Kepware.SyncService.csproj", "{19B2841F-01D1-4A7E-BE26-A93CF8C57628}"
EndProject
Project("{2150E333-8FDC-42A3-9474-1A3956D46DE8}") = "SolutionFiles", "SolutionFiles", "{02EA681E-C7D8-13C7-8484-4AC65E1B71E8}"
	ProjectSection(SolutionItems) = preProject
		.copilot.json = .copilot.json
		.dockerignore = .dockerignore
		.gitignore = .gitignore
		.runsettings = .runsettings
		Directory.Build.props = Directory.Build.props
		LICENSE.txt = LICENSE.txt
		README.md = README.md
		version.json = version.json
	EndProjectSection
EndProject
Project("{FAE04EC0-301F-11D3-BF4B-00C04F79EFBC}") = "Kepware.Api", "Kepware.Api\Kepware.Api.csproj", "{ABB368B9-7D95-4946-9579-F7AA7A5750F7}"
EndProject
Project("{2150E333-8FDC-42A3-9474-1A3956D46DE8}") = ".github", ".github", "{A904D930-41F6-4016-A8BE-AED91D9E5B26}"
	ProjectSection(SolutionItems) = preProject
		.github\copilot-instructions.md = .github\copilot-instructions.md
		.github\release-drafter.yml = .github\release-drafter.yml
	EndProjectSection
EndProject
Project("{2150E333-8FDC-42A3-9474-1A3956D46DE8}") = "workflows", "workflows", "{F0A34611-31AD-4698-A368-4D65F9A0F9D9}"
	ProjectSection(SolutionItems) = preProject
		.github\workflows\docfx-build-and-push.yml = .github\workflows\docfx-build-and-push.yml
		.github\workflows\docker-build-and-push.yml = .github\workflows\docker-build-and-push.yml
		.github\workflows\dotnet.yml = .github\workflows\dotnet.yml
	EndProjectSection
EndProject
Project("{FAE04EC0-301F-11D3-BF4B-00C04F79EFBC}") = "Kepware.Api.Sample", "Kepware.Api.Sample\Kepware.Api.Sample.csproj", "{C7A179F8-E6D4-4163-9780-23B866636A3F}"
EndProject
Project("{FAE04EC0-301F-11D3-BF4B-00C04F79EFBC}") = "Kepware.Api.Test", "Kepware.Api.Test\Kepware.Api.Test.csproj", "{E5F9DE9E-F9F2-4683-A7A9-ACE8501F7566}"
EndProject
Project("{2150E333-8FDC-42A3-9474-1A3956D46DE8}") = "docs", "docs", "{8BD77CD2-2CB2-4EBE-B806-C4A5C8321DF1}"
	ProjectSection(SolutionItems) = preProject
		docs\nuget-README.md = docs\nuget-README.md
		docs\repo-guidelines.md = docs\repo-guidelines.md
	EndProjectSection
EndProject
Project("{2150E333-8FDC-42A3-9474-1A3956D46DE8}") = "docfx", "docfx", "{EF3D2F75-E504-4800-A182-6BFB98C31225}"
	ProjectSection(SolutionItems) = preProject
		docs\docfx\copy_md_files.ps1 = docs\docfx\copy_md_files.ps1
		docs\docfx\docfx.json = docs\docfx\docfx.json
		docs\docfx\README.md = docs\docfx\README.md
		docs\docfx\toc.yml = docs\docfx\toc.yml
	EndProjectSection
EndProject
Project("{FAE04EC0-301F-11D3-BF4B-00C04F79EFBC}") = "Kepware.Api.TestIntg", "Kepware.Api.TestIntg\Kepware.Api.TestIntg.csproj", "{5FF0BFA8-5429-4823-9B18-05EB2E6779AE}"
EndProject
Project("{2150E333-8FDC-42A3-9474-1A3956D46DE8}") = "docs", "docs", "{457CB96C-D60B-4994-B87C-BCDBF4035D58}"
	ProjectSection(SolutionItems) = preProject
		docs\docfx\docs\toc.yml = docs\docfx\docs\toc.yml
	EndProjectSection
EndProject
Global
	GlobalSection(SolutionConfigurationPlatforms) = preSolution
		Debug|Any CPU = Debug|Any CPU
		Release|Any CPU = Release|Any CPU
	EndGlobalSection
	GlobalSection(ProjectConfigurationPlatforms) = postSolution
		{19B2841F-01D1-4A7E-BE26-A93CF8C57628}.Debug|Any CPU.ActiveCfg = Debug|Any CPU
		{19B2841F-01D1-4A7E-BE26-A93CF8C57628}.Debug|Any CPU.Build.0 = Debug|Any CPU
		{19B2841F-01D1-4A7E-BE26-A93CF8C57628}.Release|Any CPU.ActiveCfg = Release|Any CPU
		{19B2841F-01D1-4A7E-BE26-A93CF8C57628}.Release|Any CPU.Build.0 = Release|Any CPU
		{ABB368B9-7D95-4946-9579-F7AA7A5750F7}.Debug|Any CPU.ActiveCfg = Debug|Any CPU
		{ABB368B9-7D95-4946-9579-F7AA7A5750F7}.Debug|Any CPU.Build.0 = Debug|Any CPU
		{ABB368B9-7D95-4946-9579-F7AA7A5750F7}.Release|Any CPU.ActiveCfg = Release|Any CPU
		{ABB368B9-7D95-4946-9579-F7AA7A5750F7}.Release|Any CPU.Build.0 = Release|Any CPU
		{C7A179F8-E6D4-4163-9780-23B866636A3F}.Debug|Any CPU.ActiveCfg = Debug|Any CPU
		{C7A179F8-E6D4-4163-9780-23B866636A3F}.Debug|Any CPU.Build.0 = Debug|Any CPU
		{C7A179F8-E6D4-4163-9780-23B866636A3F}.Release|Any CPU.ActiveCfg = Release|Any CPU
		{C7A179F8-E6D4-4163-9780-23B866636A3F}.Release|Any CPU.Build.0 = Release|Any CPU
		{E5F9DE9E-F9F2-4683-A7A9-ACE8501F7566}.Debug|Any CPU.ActiveCfg = Debug|Any CPU
		{E5F9DE9E-F9F2-4683-A7A9-ACE8501F7566}.Debug|Any CPU.Build.0 = Debug|Any CPU
		{E5F9DE9E-F9F2-4683-A7A9-ACE8501F7566}.Release|Any CPU.ActiveCfg = Release|Any CPU
		{E5F9DE9E-F9F2-4683-A7A9-ACE8501F7566}.Release|Any CPU.Build.0 = Release|Any CPU
		{5FF0BFA8-5429-4823-9B18-05EB2E6779AE}.Debug|Any CPU.ActiveCfg = Debug|Any CPU
		{5FF0BFA8-5429-4823-9B18-05EB2E6779AE}.Debug|Any CPU.Build.0 = Debug|Any CPU
		{5FF0BFA8-5429-4823-9B18-05EB2E6779AE}.Release|Any CPU.ActiveCfg = Release|Any CPU
		{5FF0BFA8-5429-4823-9B18-05EB2E6779AE}.Release|Any CPU.Build.0 = Release|Any CPU
	EndGlobalSection
	GlobalSection(SolutionProperties) = preSolution
		HideSolutionNode = FALSE
	EndGlobalSection
	GlobalSection(NestedProjects) = preSolution
		{F0A34611-31AD-4698-A368-4D65F9A0F9D9} = {A904D930-41F6-4016-A8BE-AED91D9E5B26}
		{8BD77CD2-2CB2-4EBE-B806-C4A5C8321DF1} = {02EA681E-C7D8-13C7-8484-4AC65E1B71E8}
		{EF3D2F75-E504-4800-A182-6BFB98C31225} = {8BD77CD2-2CB2-4EBE-B806-C4A5C8321DF1}
		{457CB96C-D60B-4994-B87C-BCDBF4035D58} = {EF3D2F75-E504-4800-A182-6BFB98C31225}
	EndGlobalSection
	GlobalSection(ExtensibilityGlobals) = postSolution
		SolutionGuid = {B60B443A-DDB4-4D93-AF9F-547702A8492E}
	EndGlobalSection
EndGlobal
